
Microsoft Visual Studio Solution File, Format Version 12.00
# Visual Studio Version 17
VisualStudioVersion = 17.7.34009.444
MinimumVisualStudioVersion = 10.0.40219.1
Project("{FAE04EC0-301F-11D3-BF4B-00C04F79EFBC}") = "Ex01_01", "Ex01_01\Ex01_01.csproj", "{CAB8638E-C1C2-4387-A946-E4F0248E8E98}"
EndProject
Project("{FAE04EC0-301F-11D3-BF4B-00C04F79EFBC}") = "Ex01_02", "Ex01_02\Ex01_02.csproj", "{D9C030FE-D611-4C5E-BAF8-48FFC0F962A1}"
EndProject
Project("{FAE04EC0-301F-11D3-BF4B-00C04F79EFBC}") = "Ex01_03", "Ex01_03\Ex01_03.csproj", "{8E3014E8-48D3-483F-875F-DDFF485638DE}"
EndProject
Project("{FAE04EC0-301F-11D3-BF4B-00C04F79EFBC}") = "Ex01_04", "Ex01_04\Ex01_04.csproj", "{0CF3DF55-05AC-4D38-91B2-B78A843369FA}"
EndProject
Project("{FAE04EC0-301F-11D3-BF4B-00C04F79EFBC}") = "Ex01_05", "Ex01_05\Ex01_05.csproj", "{81C2CFD2-5CB5-416B-B9E4-CCEA95179376}"
EndProject
Global
	GlobalSection(SolutionConfigurationPlatforms) = preSolution
		Debug|Any CPU = Debug|Any CPU
		Release|Any CPU = Release|Any CPU
	EndGlobalSection
	GlobalSection(ProjectConfigurationPlatforms) = postSolution
		{CAB8638E-C1C2-4387-A946-E4F0248E8E98}.Debug|Any CPU.ActiveCfg = Debug|Any CPU
		{CAB8638E-C1C2-4387-A946-E4F0248E8E98}.Debug|Any CPU.Build.0 = Debug|Any CPU
		{CAB8638E-C1C2-4387-A946-E4F0248E8E98}.Release|Any CPU.ActiveCfg = Release|Any CPU
		{CAB8638E-C1C2-4387-A946-E4F0248E8E98}.Release|Any CPU.Build.0 = Release|Any CPU
		{D9C030FE-D611-4C5E-BAF8-48FFC0F962A1}.Debug|Any CPU.ActiveCfg = Debug|Any CPU
		{D9C030FE-D611-4C5E-BAF8-48FFC0F962A1}.Debug|Any CPU.Build.0 = Debug|Any CPU
		{D9C030FE-D611-4C5E-BAF8-48FFC0F962A1}.Release|Any CPU.ActiveCfg = Release|Any CPU
		{D9C030FE-D611-4C5E-BAF8-48FFC0F962A1}.Release|Any CPU.Build.0 = Release|Any CPU
		{8E3014E8-48D3-483F-875F-DDFF485638DE}.Debug|Any CPU.ActiveCfg = Debug|Any CPU
		{8E3014E8-48D3-483F-875F-DDFF485638DE}.Debug|Any CPU.Build.0 = Debug|Any CPU
		{8E3014E8-48D3-483F-875F-DDFF485638DE}.Release|Any CPU.ActiveCfg = Release|Any CPU
		{8E3014E8-48D3-483F-875F-DDFF485638DE}.Release|Any CPU.Build.0 = Release|Any CPU
		{0CF3DF55-05AC-4D38-91B2-B78A843369FA}.Debug|Any CPU.ActiveCfg = Debug|Any CPU
		{0CF3DF55-05AC-4D38-91B2-B78A843369FA}.Debug|Any CPU.Build.0 = Debug|Any CPU
		{0CF3DF55-05AC-4D38-91B2-B78A843369FA}.Release|Any CPU.ActiveCfg = Release|Any CPU
		{0CF3DF55-05AC-4D38-91B2-B78A843369FA}.Release|Any CPU.Build.0 = Release|Any CPU
		{81C2CFD2-5CB5-416B-B9E4-CCEA95179376}.Debug|Any CPU.ActiveCfg = Debug|Any CPU
		{81C2CFD2-5CB5-416B-B9E4-CCEA95179376}.Debug|Any CPU.Build.0 = Debug|Any CPU
		{81C2CFD2-5CB5-416B-B9E4-CCEA95179376}.Release|Any CPU.ActiveCfg = Release|Any CPU
		{81C2CFD2-5CB5-416B-B9E4-CCEA95179376}.Release|Any CPU.Build.0 = Release|Any CPU
	EndGlobalSection
	GlobalSection(SolutionProperties) = preSolution
		HideSolutionNode = FALSE
	EndGlobalSection
	GlobalSection(ExtensibilityGlobals) = postSolution
		SolutionGuid = {FF9CC70A-3FC6-4FBD-8814-B41E185C8C2F}
	EndGlobalSection
EndGlobal
