
Microsoft Visual Studio Solution File, Format Version 12.00
# Visual Studio Version 17
VisualStudioVersion = 17.7.34009.444
MinimumVisualStudioVersion = 10.0.40219.1
Project("{FAE04EC0-301F-11D3-BF4B-00C04F79EFBC}") = "Ex03.GarageLogic", "Project1Ex03.GarageLogic\Ex03.GarageLogic.csproj", "{0907508A-F419-4F18-A433-B3C850C31E8C}"
EndProject
Project("{FAE04EC0-301F-11D3-BF4B-00C04F79EFBC}") = "Ex03.ConsoleUI", "Ex03.ConsoleUI\Ex03.ConsoleUI.csproj", "{18D38ED1-2C23-4DA3-BAAD-D24FB45BA96D}"
EndProject
Global
	GlobalSection(SolutionConfigurationPlatforms) = preSolution
		Debug|Any CPU = Debug|Any CPU
		Release|Any CPU = Release|Any CPU
	EndGlobalSection
	GlobalSection(ProjectConfigurationPlatforms) = postSolution
		{0907508A-F419-4F18-A433-B3C850C31E8C}.Debug|Any CPU.ActiveCfg = Debug|Any CPU
		{0907508A-F419-4F18-A433-B3C850C31E8C}.Debug|Any CPU.Build.0 = Debug|Any CPU
		{0907508A-F419-4F18-A433-B3C850C31E8C}.Release|Any CPU.ActiveCfg = Release|Any CPU
		{0907508A-F419-4F18-A433-B3C850C31E8C}.Release|Any CPU.Build.0 = Release|Any CPU
		{18D38ED1-2C23-4DA3-BAAD-D24FB45BA96D}.Debug|Any CPU.ActiveCfg = Debug|Any CPU
		{18D38ED1-2C23-4DA3-BAAD-D24FB45BA96D}.Debug|Any CPU.Build.0 = Debug|Any CPU
		{18D38ED1-2C23-4DA3-BAAD-D24FB45BA96D}.Release|Any CPU.ActiveCfg = Release|Any CPU
		{18D38ED1-2C23-4DA3-BAAD-D24FB45BA96D}.Release|Any CPU.Build.0 = Release|Any CPU
	EndGlobalSection
	GlobalSection(SolutionProperties) = preSolution
		HideSolutionNode = FALSE
	EndGlobalSection
	GlobalSection(ExtensibilityGlobals) = postSolution
		SolutionGuid = {EDDBF8C0-3650-495C-B26D-51DEC4CBC1DD}
	EndGlobalSection
EndGlobal
